
Microsoft Visual Studio Solution File, Format Version 12.00
Project("{FAE04EC0-301F-11D3-BF4B-00C04F79EFBC}") = "Backend", "Backend\Backend.csproj", "{61EBE343-1722-4B06-88B3-81BD50DBCC4E}"
EndProject
Global
	GlobalSection(SolutionConfigurationPlatforms) = preSolution
		Debug|Any CPU = Debug|Any CPU
		Release|Any CPU = Release|Any CPU
	EndGlobalSection
	GlobalSection(ProjectConfigurationPlatforms) = postSolution
		{61EBE343-1722-4B06-88B3-81BD50DBCC4E}.Debug|Any CPU.ActiveCfg = Debug|Any CPU
		{61EBE343-1722-4B06-88B3-81BD50DBCC4E}.Debug|Any CPU.Build.0 = Debug|Any CPU
		{61EBE343-1722-4B06-88B3-81BD50DBCC4E}.Release|Any CPU.ActiveCfg = Release|Any CPU
		{61EBE343-1722-4B06-88B3-81BD50DBCC4E}.Release|Any CPU.Build.0 = Release|Any CPU
	EndGlobalSection
EndGlobal
